
Microsoft Visual Studio Solution File, Format Version 11.00
# Visual Studio 2010
Project("{FAE04EC0-301F-11D3-BF4B-00C04F79EFBC}") = "激光雕刻兼写字机上位机程序", "激光雕刻兼写字机上位机程序\激光雕刻兼写字机上位机程序.csproj", "{C38E633C-65BE-4D66-9050-B42B14030FC6}"
EndProject
Global
	GlobalSection(SolutionConfigurationPlatforms) = preSolution
		Debug|x86 = Debug|x86
		Release|x86 = Release|x86
	EndGlobalSection
	GlobalSection(ProjectConfigurationPlatforms) = postSolution
		{C38E633C-65BE-4D66-9050-B42B14030FC6}.Debug|x86.ActiveCfg = Debug|x86
		{C38E633C-65BE-4D66-9050-B42B14030FC6}.Debug|x86.Build.0 = Debug|x86
		{C38E633C-65BE-4D66-9050-B42B14030FC6}.Release|x86.ActiveCfg = Release|x86
		{C38E633C-65BE-4D66-9050-B42B14030FC6}.Release|x86.Build.0 = Release|x86
	EndGlobalSection
	GlobalSection(SolutionProperties) = preSolution
		HideSolutionNode = FALSE
	EndGlobalSection
EndGlobal
